
Microsoft Visual Studio Solution File, Format Version 12.00
# Visual Studio Version 17
VisualStudioVersion = 17.9.34616.47
MinimumVisualStudioVersion = 10.0.40219.1
Project("{8BC9CEB8-8B4A-11D0-8D11-00A0C91BC942}") = "CppCGAL", "CppCGAL\CppCGAL.vcxproj", "{B808223B-10C8-427C-9CE8-FB7C15990CEF}"
EndProject
Project("{9A19103F-16F7-4668-BE54-9A1E7A4F7556}") = "NetCGAL", "NetCGAL\NetCGAL.csproj", "{7C6F5D7F-BE1B-4782-B25E-22FFB48DCF41}"
	ProjectSection(ProjectDependencies) = postProject
		{B808223B-10C8-427C-9CE8-FB7C15990CEF} = {B808223B-10C8-427C-9CE8-FB7C15990CEF}
	EndProjectSection
EndProject
Global
	GlobalSection(SolutionConfigurationPlatforms) = preSolution
		Debug|x64 = Debug|x64
		Release|x64 = Release|x64
	EndGlobalSection
	GlobalSection(ProjectConfigurationPlatforms) = postSolution
		{B808223B-10C8-427C-9CE8-FB7C15990CEF}.Debug|x64.ActiveCfg = Debug|x64
		{B808223B-10C8-427C-9CE8-FB7C15990CEF}.Debug|x64.Build.0 = Debug|x64
		{B808223B-10C8-427C-9CE8-FB7C15990CEF}.Release|x64.ActiveCfg = Release|x64
		{B808223B-10C8-427C-9CE8-FB7C15990CEF}.Release|x64.Build.0 = Release|x64
		{7C6F5D7F-BE1B-4782-B25E-22FFB48DCF41}.Debug|x64.ActiveCfg = Debug|x64
		{7C6F5D7F-BE1B-4782-B25E-22FFB48DCF41}.Debug|x64.Build.0 = Debug|x64
		{7C6F5D7F-BE1B-4782-B25E-22FFB48DCF41}.Release|x64.ActiveCfg = Release|x64
		{7C6F5D7F-BE1B-4782-B25E-22FFB48DCF41}.Release|x64.Build.0 = Release|x64
	EndGlobalSection
	GlobalSection(SolutionProperties) = preSolution
		HideSolutionNode = FALSE
	EndGlobalSection
	GlobalSection(ExtensibilityGlobals) = postSolution
		SolutionGuid = {43C7309F-C37E-48F7-A8CB-CAC5ABC81864}
	EndGlobalSection
EndGlobal
